
Microsoft Visual Studio Solution File, Format Version 12.00
# Visual Studio Version 17
VisualStudioVersion = 17.10.34928.147
MinimumVisualStudioVersion = 10.0.40219.1
Project("{FAE04EC0-301F-11D3-BF4B-00C04F79EFBC}") = "UI.Interface", "UI.Interface.csproj", "{242979EC-5FF2-4AEF-83B5-24E7BF64C17C}"
EndProject
Project("{FAE04EC0-301F-11D3-BF4B-00C04F79EFBC}") = "Datos", "Datos\Datos.csproj", "{AF6CC184-6B3C-4FF9-A406-267BC11E4CC9}"
EndProject
Project("{FAE04EC0-301F-11D3-BF4B-00C04F79EFBC}") = "Business", "Business\Business.csproj", "{CCF25D90-170F-4013-9494-CBC252C6FB84}"
EndProject
Project("{FAE04EC0-301F-11D3-BF4B-00C04F79EFBC}") = "Domain", "Domain\Domain.csproj", "{3570498F-AC20-4B7F-8873-3A3F55D75CFA}"
EndProject
Project("{FAE04EC0-301F-11D3-BF4B-00C04F79EFBC}") = "Services.Security", "Services.Security\Services.Security.csproj", "{5126B39F-EFF1-490E-BCA2-D3C1323CAB15}"
EndProject
Global
	GlobalSection(SolutionConfigurationPlatforms) = preSolution
		Debug|Any CPU = Debug|Any CPU
		Release|Any CPU = Release|Any CPU
	EndGlobalSection
	GlobalSection(ProjectConfigurationPlatforms) = postSolution
		{242979EC-5FF2-4AEF-83B5-24E7BF64C17C}.Debug|Any CPU.ActiveCfg = Debug|Any CPU
		{242979EC-5FF2-4AEF-83B5-24E7BF64C17C}.Debug|Any CPU.Build.0 = Debug|Any CPU
		{242979EC-5FF2-4AEF-83B5-24E7BF64C17C}.Release|Any CPU.ActiveCfg = Release|Any CPU
		{242979EC-5FF2-4AEF-83B5-24E7BF64C17C}.Release|Any CPU.Build.0 = Release|Any CPU
		{AF6CC184-6B3C-4FF9-A406-267BC11E4CC9}.Debug|Any CPU.ActiveCfg = Debug|Any CPU
		{AF6CC184-6B3C-4FF9-A406-267BC11E4CC9}.Debug|Any CPU.Build.0 = Debug|Any CPU
		{AF6CC184-6B3C-4FF9-A406-267BC11E4CC9}.Release|Any CPU.ActiveCfg = Release|Any CPU
		{AF6CC184-6B3C-4FF9-A406-267BC11E4CC9}.Release|Any CPU.Build.0 = Release|Any CPU
		{CCF25D90-170F-4013-9494-CBC252C6FB84}.Debug|Any CPU.ActiveCfg = Debug|Any CPU
		{CCF25D90-170F-4013-9494-CBC252C6FB84}.Debug|Any CPU.Build.0 = Debug|Any CPU
		{CCF25D90-170F-4013-9494-CBC252C6FB84}.Release|Any CPU.ActiveCfg = Release|Any CPU
		{CCF25D90-170F-4013-9494-CBC252C6FB84}.Release|Any CPU.Build.0 = Release|Any CPU
		{3570498F-AC20-4B7F-8873-3A3F55D75CFA}.Debug|Any CPU.ActiveCfg = Debug|Any CPU
		{3570498F-AC20-4B7F-8873-3A3F55D75CFA}.Debug|Any CPU.Build.0 = Debug|Any CPU
		{3570498F-AC20-4B7F-8873-3A3F55D75CFA}.Release|Any CPU.ActiveCfg = Release|Any CPU
		{3570498F-AC20-4B7F-8873-3A3F55D75CFA}.Release|Any CPU.Build.0 = Release|Any CPU
		{5126B39F-EFF1-490E-BCA2-D3C1323CAB15}.Debug|Any CPU.ActiveCfg = Debug|Any CPU
		{5126B39F-EFF1-490E-BCA2-D3C1323CAB15}.Debug|Any CPU.Build.0 = Debug|Any CPU
		{5126B39F-EFF1-490E-BCA2-D3C1323CAB15}.Release|Any CPU.ActiveCfg = Release|Any CPU
		{5126B39F-EFF1-490E-BCA2-D3C1323CAB15}.Release|Any CPU.Build.0 = Release|Any CPU
	EndGlobalSection
	GlobalSection(SolutionProperties) = preSolution
		HideSolutionNode = FALSE
	EndGlobalSection
	GlobalSection(ExtensibilityGlobals) = postSolution
		SolutionGuid = {D868F725-47F4-4188-90DC-5FBE12DF7CAB}
	EndGlobalSection
EndGlobal
